
Microsoft Visual Studio Solution File, Format Version 12.00
# Visual Studio 2013
VisualStudioVersion = 12.0.31101.0
MinimumVisualStudioVersion = 10.0.40219.1
Project("{FAE04EC0-301F-11D3-BF4B-00C04F79EFBC}") = "Facebook.Client-Universal.Windows", "Facebook.Client-Universal.Windows.csproj", "{3A681113-CB0E-4712-8827-F35F67F29C5F}"
EndProject
Project("{2150E333-8FDC-42A3-9474-1A3956D46DE8}") = ".nuget", ".nuget", "{71F0E016-5F0E-46BB-A18E-FAD17E5ACF40}"
	ProjectSection(SolutionItems) = preProject
		.nuget\NuGet.Config = .nuget\NuGet.Config
	EndProjectSection
EndProject
Project("{FAE04EC0-301F-11D3-BF4B-00C04F79EFBC}") = "BasicApp-Win81-Universal", "..\..\..\Samples\BasicApp-Win81-Universal\BasicApp-Win81-Universal.csproj", "{EFFB77FE-CF17-4A1F-B83F-D7DC3D8CF4C2}"
EndProject
Global
	GlobalSection(SolutionConfigurationPlatforms) = preSolution
		Debug|Any CPU = Debug|Any CPU
		Debug|ARM = Debug|ARM
		Debug|x64 = Debug|x64
		Debug|x86 = Debug|x86
		Release|Any CPU = Release|Any CPU
		Release|ARM = Release|ARM
		Release|x64 = Release|x64
		Release|x86 = Release|x86
	EndGlobalSection
	GlobalSection(ProjectConfigurationPlatforms) = postSolution
		{3A681113-CB0E-4712-8827-F35F67F29C5F}.Debug|Any CPU.ActiveCfg = Debug|Any CPU
		{3A681113-CB0E-4712-8827-F35F67F29C5F}.Debug|Any CPU.Build.0 = Debug|Any CPU
		{3A681113-CB0E-4712-8827-F35F67F29C5F}.Debug|ARM.ActiveCfg = Debug|ARM
		{3A681113-CB0E-4712-8827-F35F67F29C5F}.Debug|ARM.Build.0 = Debug|ARM
		{3A681113-CB0E-4712-8827-F35F67F29C5F}.Debug|x64.ActiveCfg = Debug|x64
		{3A681113-CB0E-4712-8827-F35F67F29C5F}.Debug|x64.Build.0 = Debug|x64
		{3A681113-CB0E-4712-8827-F35F67F29C5F}.Debug|x86.ActiveCfg = Debug|x86
		{3A681113-CB0E-4712-8827-F35F67F29C5F}.Debug|x86.Build.0 = Debug|x86
		{3A681113-CB0E-4712-8827-F35F67F29C5F}.Release|Any CPU.ActiveCfg = Release|Any CPU
		{3A681113-CB0E-4712-8827-F35F67F29C5F}.Release|Any CPU.Build.0 = Release|Any CPU
		{3A681113-CB0E-4712-8827-F35F67F29C5F}.Release|ARM.ActiveCfg = Release|ARM
		{3A681113-CB0E-4712-8827-F35F67F29C5F}.Release|ARM.Build.0 = Release|ARM
		{3A681113-CB0E-4712-8827-F35F67F29C5F}.Release|x64.ActiveCfg = Release|x64
		{3A681113-CB0E-4712-8827-F35F67F29C5F}.Release|x64.Build.0 = Release|x64
		{3A681113-CB0E-4712-8827-F35F67F29C5F}.Release|x86.ActiveCfg = Release|x86
		{3A681113-CB0E-4712-8827-F35F67F29C5F}.Release|x86.Build.0 = Release|x86
		{EFFB77FE-CF17-4A1F-B83F-D7DC3D8CF4C2}.Debug|Any CPU.ActiveCfg = Debug|Any CPU
		{EFFB77FE-CF17-4A1F-B83F-D7DC3D8CF4C2}.Debug|Any CPU.Build.0 = Debug|Any CPU
		{EFFB77FE-CF17-4A1F-B83F-D7DC3D8CF4C2}.Debug|Any CPU.Deploy.0 = Debug|Any CPU
		{EFFB77FE-CF17-4A1F-B83F-D7DC3D8CF4C2}.Debug|ARM.ActiveCfg = Debug|ARM
		{EFFB77FE-CF17-4A1F-B83F-D7DC3D8CF4C2}.Debug|ARM.Build.0 = Debug|ARM
		{EFFB77FE-CF17-4A1F-B83F-D7DC3D8CF4C2}.Debug|ARM.Deploy.0 = Debug|ARM
		{EFFB77FE-CF17-4A1F-B83F-D7DC3D8CF4C2}.Debug|x64.ActiveCfg = Debug|x64
		{EFFB77FE-CF17-4A1F-B83F-D7DC3D8CF4C2}.Debug|x64.Build.0 = Debug|x64
		{EFFB77FE-CF17-4A1F-B83F-D7DC3D8CF4C2}.Debug|x64.Deploy.0 = Debug|x64
		{EFFB77FE-CF17-4A1F-B83F-D7DC3D8CF4C2}.Debug|x86.ActiveCfg = Debug|x86
		{EFFB77FE-CF17-4A1F-B83F-D7DC3D8CF4C2}.Debug|x86.Build.0 = Debug|x86
		{EFFB77FE-CF17-4A1F-B83F-D7DC3D8CF4C2}.Debug|x86.Deploy.0 = Debug|x86
		{EFFB77FE-CF17-4A1F-B83F-D7DC3D8CF4C2}.Release|Any CPU.ActiveCfg = Release|Any CPU
		{EFFB77FE-CF17-4A1F-B83F-D7DC3D8CF4C2}.Release|Any CPU.Build.0 = Release|Any CPU
		{EFFB77FE-CF17-4A1F-B83F-D7DC3D8CF4C2}.Release|Any CPU.Deploy.0 = Release|Any CPU
		{EFFB77FE-CF17-4A1F-B83F-D7DC3D8CF4C2}.Release|ARM.ActiveCfg = Release|ARM
		{EFFB77FE-CF17-4A1F-B83F-D7DC3D8CF4C2}.Release|ARM.Build.0 = Release|ARM
		{EFFB77FE-CF17-4A1F-B83F-D7DC3D8CF4C2}.Release|ARM.Deploy.0 = Release|ARM
		{EFFB77FE-CF17-4A1F-B83F-D7DC3D8CF4C2}.Release|x64.ActiveCfg = Release|x64
		{EFFB77FE-CF17-4A1F-B83F-D7DC3D8CF4C2}.Release|x64.Build.0 = Release|x64
		{EFFB77FE-CF17-4A1F-B83F-D7DC3D8CF4C2}.Release|x64.Deploy.0 = Release|x64
		{EFFB77FE-CF17-4A1F-B83F-D7DC3D8CF4C2}.Release|x86.ActiveCfg = Release|x86
		{EFFB77FE-CF17-4A1F-B83F-D7DC3D8CF4C2}.Release|x86.Build.0 = Release|x86
		{EFFB77FE-CF17-4A1F-B83F-D7DC3D8CF4C2}.Release|x86.Deploy.0 = Release|x86
	EndGlobalSection
	GlobalSection(SolutionProperties) = preSolution
		HideSolutionNode = FALSE
	EndGlobalSection
EndGlobal

