
Microsoft Visual Studio Solution File, Format Version 12.00
# Visual Studio 2012
Project("{FAE04EC0-301F-11D3-BF4B-00C04F79EFBC}") = "BasicApp", "BasicApp.csproj", "{00725BCD-7FC6-42A2-8508-D0B82529B3F2}"
EndProject
Project("{FAE04EC0-301F-11D3-BF4B-00C04F79EFBC}") = "Facebook.Client-WP7", "..\..\Source\Facebook.Client-WP7\Facebook.Client-WP7.csproj", "{31129945-5632-4DC7-8306-F3567CF2A157}"
EndProject
Global
	GlobalSection(SolutionConfigurationPlatforms) = preSolution
		Debug|Any CPU = Debug|Any CPU
		Release|Any CPU = Release|Any CPU
	EndGlobalSection
	GlobalSection(ProjectConfigurationPlatforms) = postSolution
		{00725BCD-7FC6-42A2-8508-D0B82529B3F2}.Debug|Any CPU.ActiveCfg = Debug|Any CPU
		{00725BCD-7FC6-42A2-8508-D0B82529B3F2}.Debug|Any CPU.Build.0 = Debug|Any CPU
		{00725BCD-7FC6-42A2-8508-D0B82529B3F2}.Debug|Any CPU.Deploy.0 = Debug|Any CPU
		{00725BCD-7FC6-42A2-8508-D0B82529B3F2}.Release|Any CPU.ActiveCfg = Release|Any CPU
		{00725BCD-7FC6-42A2-8508-D0B82529B3F2}.Release|Any CPU.Build.0 = Release|Any CPU
		{00725BCD-7FC6-42A2-8508-D0B82529B3F2}.Release|Any CPU.Deploy.0 = Release|Any CPU
		{31129945-5632-4DC7-8306-F3567CF2A157}.Debug|Any CPU.ActiveCfg = Debug|Any CPU
		{31129945-5632-4DC7-8306-F3567CF2A157}.Debug|Any CPU.Build.0 = Debug|Any CPU
		{31129945-5632-4DC7-8306-F3567CF2A157}.Release|Any CPU.ActiveCfg = Release|Any CPU
		{31129945-5632-4DC7-8306-F3567CF2A157}.Release|Any CPU.Build.0 = Release|Any CPU
	EndGlobalSection
	GlobalSection(SolutionProperties) = preSolution
		HideSolutionNode = FALSE
	EndGlobalSection
EndGlobal
