
Microsoft Visual Studio Solution File, Format Version 12.00
# Visual Studio 2013
VisualStudioVersion = 12.0.31101.0
MinimumVisualStudioVersion = 10.0.40219.1
Project("{FAE04EC0-301F-11D3-BF4B-00C04F79EFBC}") = "Win8TestApp", "Win8TestApp.csproj", "{A933B11E-1CA2-4116-A33C-80B68C5AFE4B}"
EndProject
Project("{2150E333-8FDC-42A3-9474-1A3956D46DE8}") = ".nuget", ".nuget", "{6F90508E-C395-4CFD-A456-10C802B9F358}"
	ProjectSection(SolutionItems) = preProject
		.nuget\NuGet.Config = .nuget\NuGet.Config
	EndProjectSection
EndProject
Project("{FAE04EC0-301F-11D3-BF4B-00C04F79EFBC}") = "Facebook.Client-WindowsStore", "..\..\..\Source\Facebook.Client-WindowsStore\Facebook.Client-WindowsStore.csproj", "{F7FFE744-7CC4-42C5-BF7B-A0F11ECF9722}"
EndProject
Global
	GlobalSection(SolutionConfigurationPlatforms) = preSolution
		Debug|Any CPU = Debug|Any CPU
		Debug|ARM = Debug|ARM
		Debug|x64 = Debug|x64
		Debug|x86 = Debug|x86
		Release|Any CPU = Release|Any CPU
		Release|ARM = Release|ARM
		Release|x64 = Release|x64
		Release|x86 = Release|x86
	EndGlobalSection
	GlobalSection(ProjectConfigurationPlatforms) = postSolution
		{A933B11E-1CA2-4116-A33C-80B68C5AFE4B}.Debug|Any CPU.ActiveCfg = Debug|Any CPU
		{A933B11E-1CA2-4116-A33C-80B68C5AFE4B}.Debug|Any CPU.Build.0 = Debug|Any CPU
		{A933B11E-1CA2-4116-A33C-80B68C5AFE4B}.Debug|Any CPU.Deploy.0 = Debug|Any CPU
		{A933B11E-1CA2-4116-A33C-80B68C5AFE4B}.Debug|ARM.ActiveCfg = Debug|ARM
		{A933B11E-1CA2-4116-A33C-80B68C5AFE4B}.Debug|ARM.Build.0 = Debug|ARM
		{A933B11E-1CA2-4116-A33C-80B68C5AFE4B}.Debug|ARM.Deploy.0 = Debug|ARM
		{A933B11E-1CA2-4116-A33C-80B68C5AFE4B}.Debug|x64.ActiveCfg = Debug|x64
		{A933B11E-1CA2-4116-A33C-80B68C5AFE4B}.Debug|x64.Build.0 = Debug|x64
		{A933B11E-1CA2-4116-A33C-80B68C5AFE4B}.Debug|x64.Deploy.0 = Debug|x64
		{A933B11E-1CA2-4116-A33C-80B68C5AFE4B}.Debug|x86.ActiveCfg = Debug|x86
		{A933B11E-1CA2-4116-A33C-80B68C5AFE4B}.Debug|x86.Build.0 = Debug|x86
		{A933B11E-1CA2-4116-A33C-80B68C5AFE4B}.Debug|x86.Deploy.0 = Debug|x86
		{A933B11E-1CA2-4116-A33C-80B68C5AFE4B}.Release|Any CPU.ActiveCfg = Release|Any CPU
		{A933B11E-1CA2-4116-A33C-80B68C5AFE4B}.Release|Any CPU.Build.0 = Release|Any CPU
		{A933B11E-1CA2-4116-A33C-80B68C5AFE4B}.Release|Any CPU.Deploy.0 = Release|Any CPU
		{A933B11E-1CA2-4116-A33C-80B68C5AFE4B}.Release|ARM.ActiveCfg = Release|ARM
		{A933B11E-1CA2-4116-A33C-80B68C5AFE4B}.Release|ARM.Build.0 = Release|ARM
		{A933B11E-1CA2-4116-A33C-80B68C5AFE4B}.Release|ARM.Deploy.0 = Release|ARM
		{A933B11E-1CA2-4116-A33C-80B68C5AFE4B}.Release|x64.ActiveCfg = Release|x64
		{A933B11E-1CA2-4116-A33C-80B68C5AFE4B}.Release|x64.Build.0 = Release|x64
		{A933B11E-1CA2-4116-A33C-80B68C5AFE4B}.Release|x64.Deploy.0 = Release|x64
		{A933B11E-1CA2-4116-A33C-80B68C5AFE4B}.Release|x86.ActiveCfg = Release|x86
		{A933B11E-1CA2-4116-A33C-80B68C5AFE4B}.Release|x86.Build.0 = Release|x86
		{A933B11E-1CA2-4116-A33C-80B68C5AFE4B}.Release|x86.Deploy.0 = Release|x86
		{F7FFE744-7CC4-42C5-BF7B-A0F11ECF9722}.Debug|Any CPU.ActiveCfg = Debug|Any CPU
		{F7FFE744-7CC4-42C5-BF7B-A0F11ECF9722}.Debug|Any CPU.Build.0 = Debug|Any CPU
		{F7FFE744-7CC4-42C5-BF7B-A0F11ECF9722}.Debug|ARM.ActiveCfg = Debug|ARM
		{F7FFE744-7CC4-42C5-BF7B-A0F11ECF9722}.Debug|ARM.Build.0 = Debug|ARM
		{F7FFE744-7CC4-42C5-BF7B-A0F11ECF9722}.Debug|x64.ActiveCfg = Debug|x64
		{F7FFE744-7CC4-42C5-BF7B-A0F11ECF9722}.Debug|x64.Build.0 = Debug|x64
		{F7FFE744-7CC4-42C5-BF7B-A0F11ECF9722}.Debug|x86.ActiveCfg = Debug|x86
		{F7FFE744-7CC4-42C5-BF7B-A0F11ECF9722}.Debug|x86.Build.0 = Debug|x86
		{F7FFE744-7CC4-42C5-BF7B-A0F11ECF9722}.Release|Any CPU.ActiveCfg = Release|Any CPU
		{F7FFE744-7CC4-42C5-BF7B-A0F11ECF9722}.Release|Any CPU.Build.0 = Release|Any CPU
		{F7FFE744-7CC4-42C5-BF7B-A0F11ECF9722}.Release|ARM.ActiveCfg = Release|ARM
		{F7FFE744-7CC4-42C5-BF7B-A0F11ECF9722}.Release|ARM.Build.0 = Release|ARM
		{F7FFE744-7CC4-42C5-BF7B-A0F11ECF9722}.Release|x64.ActiveCfg = Release|x64
		{F7FFE744-7CC4-42C5-BF7B-A0F11ECF9722}.Release|x64.Build.0 = Release|x64
		{F7FFE744-7CC4-42C5-BF7B-A0F11ECF9722}.Release|x86.ActiveCfg = Release|x86
		{F7FFE744-7CC4-42C5-BF7B-A0F11ECF9722}.Release|x86.Build.0 = Release|x86
	EndGlobalSection
	GlobalSection(SolutionProperties) = preSolution
		HideSolutionNode = FALSE
	EndGlobalSection
EndGlobal

