
Microsoft Visual Studio Solution File, Format Version 12.00
# Visual Studio 2013
VisualStudioVersion = 12.0.31101.0
MinimumVisualStudioVersion = 10.0.40219.1
Project("{FAE04EC0-301F-11D3-BF4B-00C04F79EFBC}") = "Facebook.Client-Universal.WindowsPhone", "Facebook.Client-Universal.WindowsPhone.csproj", "{76FB752F-8AB8-41BC-A188-CF66B4D42940}"
EndProject
Project("{2150E333-8FDC-42A3-9474-1A3956D46DE8}") = ".nuget", ".nuget", "{81566FAA-5A1E-47ED-8710-BA6F474462CA}"
	ProjectSection(SolutionItems) = preProject
		.nuget\NuGet.Config = .nuget\NuGet.Config
	EndProjectSection
EndProject
Project("{FAE04EC0-301F-11D3-BF4B-00C04F79EFBC}") = "FacebookControlsWP81", "..\..\..\Samples\BasicAppWP81\FacebookControlsWP81.csproj", "{94CF0762-7841-4E7E-81AE-8EF43ECE395C}"
EndProject
Project("{FAE04EC0-301F-11D3-BF4B-00C04F79EFBC}") = "BrowserSSOAndDialogs", "..\..\..\Samples\BasicAppUniversal\BasicAppUniversal\BasicAppUniversal.WindowsPhone\BrowserSSOAndDialogs.csproj", "{84542693-00E9-4727-859D-F22160FDA759}"
EndProject
Global
	GlobalSection(SolutionConfigurationPlatforms) = preSolution
		Debug|Any CPU = Debug|Any CPU
		Debug|ARM = Debug|ARM
		Debug|x86 = Debug|x86
		Release|Any CPU = Release|Any CPU
		Release|ARM = Release|ARM
		Release|x86 = Release|x86
	EndGlobalSection
	GlobalSection(ProjectConfigurationPlatforms) = postSolution
		{76FB752F-8AB8-41BC-A188-CF66B4D42940}.Debug|Any CPU.ActiveCfg = Debug|Any CPU
		{76FB752F-8AB8-41BC-A188-CF66B4D42940}.Debug|Any CPU.Build.0 = Debug|Any CPU
		{76FB752F-8AB8-41BC-A188-CF66B4D42940}.Debug|ARM.ActiveCfg = Debug|ARM
		{76FB752F-8AB8-41BC-A188-CF66B4D42940}.Debug|ARM.Build.0 = Debug|ARM
		{76FB752F-8AB8-41BC-A188-CF66B4D42940}.Debug|x86.ActiveCfg = Debug|x86
		{76FB752F-8AB8-41BC-A188-CF66B4D42940}.Debug|x86.Build.0 = Debug|x86
		{76FB752F-8AB8-41BC-A188-CF66B4D42940}.Release|Any CPU.ActiveCfg = Release|Any CPU
		{76FB752F-8AB8-41BC-A188-CF66B4D42940}.Release|Any CPU.Build.0 = Release|Any CPU
		{76FB752F-8AB8-41BC-A188-CF66B4D42940}.Release|ARM.ActiveCfg = Release|ARM
		{76FB752F-8AB8-41BC-A188-CF66B4D42940}.Release|ARM.Build.0 = Release|ARM
		{76FB752F-8AB8-41BC-A188-CF66B4D42940}.Release|x86.ActiveCfg = Release|x86
		{76FB752F-8AB8-41BC-A188-CF66B4D42940}.Release|x86.Build.0 = Release|x86
		{94CF0762-7841-4E7E-81AE-8EF43ECE395C}.Debug|Any CPU.ActiveCfg = Debug|Any CPU
		{94CF0762-7841-4E7E-81AE-8EF43ECE395C}.Debug|Any CPU.Build.0 = Debug|Any CPU
		{94CF0762-7841-4E7E-81AE-8EF43ECE395C}.Debug|Any CPU.Deploy.0 = Debug|Any CPU
		{94CF0762-7841-4E7E-81AE-8EF43ECE395C}.Debug|ARM.ActiveCfg = Debug|ARM
		{94CF0762-7841-4E7E-81AE-8EF43ECE395C}.Debug|ARM.Build.0 = Debug|ARM
		{94CF0762-7841-4E7E-81AE-8EF43ECE395C}.Debug|ARM.Deploy.0 = Debug|ARM
		{94CF0762-7841-4E7E-81AE-8EF43ECE395C}.Debug|x86.ActiveCfg = Debug|x86
		{94CF0762-7841-4E7E-81AE-8EF43ECE395C}.Debug|x86.Build.0 = Debug|x86
		{94CF0762-7841-4E7E-81AE-8EF43ECE395C}.Debug|x86.Deploy.0 = Debug|x86
		{94CF0762-7841-4E7E-81AE-8EF43ECE395C}.Release|Any CPU.ActiveCfg = Release|Any CPU
		{94CF0762-7841-4E7E-81AE-8EF43ECE395C}.Release|Any CPU.Build.0 = Release|Any CPU
		{94CF0762-7841-4E7E-81AE-8EF43ECE395C}.Release|Any CPU.Deploy.0 = Release|Any CPU
		{94CF0762-7841-4E7E-81AE-8EF43ECE395C}.Release|ARM.ActiveCfg = Release|ARM
		{94CF0762-7841-4E7E-81AE-8EF43ECE395C}.Release|ARM.Build.0 = Release|ARM
		{94CF0762-7841-4E7E-81AE-8EF43ECE395C}.Release|ARM.Deploy.0 = Release|ARM
		{94CF0762-7841-4E7E-81AE-8EF43ECE395C}.Release|x86.ActiveCfg = Release|x86
		{94CF0762-7841-4E7E-81AE-8EF43ECE395C}.Release|x86.Build.0 = Release|x86
		{94CF0762-7841-4E7E-81AE-8EF43ECE395C}.Release|x86.Deploy.0 = Release|x86
		{84542693-00E9-4727-859D-F22160FDA759}.Debug|Any CPU.ActiveCfg = Debug|Any CPU
		{84542693-00E9-4727-859D-F22160FDA759}.Debug|Any CPU.Build.0 = Debug|Any CPU
		{84542693-00E9-4727-859D-F22160FDA759}.Debug|Any CPU.Deploy.0 = Debug|Any CPU
		{84542693-00E9-4727-859D-F22160FDA759}.Debug|ARM.ActiveCfg = Debug|ARM
		{84542693-00E9-4727-859D-F22160FDA759}.Debug|ARM.Build.0 = Debug|ARM
		{84542693-00E9-4727-859D-F22160FDA759}.Debug|ARM.Deploy.0 = Debug|ARM
		{84542693-00E9-4727-859D-F22160FDA759}.Debug|x86.ActiveCfg = Debug|x86
		{84542693-00E9-4727-859D-F22160FDA759}.Debug|x86.Build.0 = Debug|x86
		{84542693-00E9-4727-859D-F22160FDA759}.Debug|x86.Deploy.0 = Debug|x86
		{84542693-00E9-4727-859D-F22160FDA759}.Release|Any CPU.ActiveCfg = Release|Any CPU
		{84542693-00E9-4727-859D-F22160FDA759}.Release|Any CPU.Build.0 = Release|Any CPU
		{84542693-00E9-4727-859D-F22160FDA759}.Release|Any CPU.Deploy.0 = Release|Any CPU
		{84542693-00E9-4727-859D-F22160FDA759}.Release|ARM.ActiveCfg = Release|ARM
		{84542693-00E9-4727-859D-F22160FDA759}.Release|ARM.Build.0 = Release|ARM
		{84542693-00E9-4727-859D-F22160FDA759}.Release|ARM.Deploy.0 = Release|ARM
		{84542693-00E9-4727-859D-F22160FDA759}.Release|x86.ActiveCfg = Release|x86
		{84542693-00E9-4727-859D-F22160FDA759}.Release|x86.Build.0 = Release|x86
		{84542693-00E9-4727-859D-F22160FDA759}.Release|x86.Deploy.0 = Release|x86
	EndGlobalSection
	GlobalSection(SolutionProperties) = preSolution
		HideSolutionNode = FALSE
	EndGlobalSection
EndGlobal

