
Microsoft Visual Studio Solution File, Format Version 12.00
# Visual Studio 2013
VisualStudioVersion = 12.0.31101.0
MinimumVisualStudioVersion = 10.0.40219.1
Project("{2150E333-8FDC-42A3-9474-1A3956D46DE8}") = ".nuget", ".nuget", "{F7267953-F8E8-4D59-83B3-AD8E30AA9012}"
	ProjectSection(SolutionItems) = preProject
		.nuget\NuGet.Config = .nuget\NuGet.Config
	EndProjectSection
EndProject
Project("{FAE04EC0-301F-11D3-BF4B-00C04F79EFBC}") = "Facebook.Client-WP8", "Facebook.Client-WP8\Facebook.Client-WP8.csproj", "{90F83486-ED19-464F-A950-988B74E158D2}"
EndProject
Project("{FAE04EC0-301F-11D3-BF4B-00C04F79EFBC}") = "FacebookControlsWP8", "..\Samples\BasicApp-WP8\FacebookControlsWP8.csproj", "{ADFE95C2-8DFE-41C4-9939-38E446617945}"
EndProject
Project("{FAE04EC0-301F-11D3-BF4B-00C04F79EFBC}") = "BrowserSSODialogsWP8", "..\Samples\FullSampleWP8\BrowserSSODialogsWP8.csproj", "{BB9E8411-1D8D-4D3F-A83D-038FCA9E7E6D}"
EndProject
Global
	GlobalSection(SolutionConfigurationPlatforms) = preSolution
		Debug|Any CPU = Debug|Any CPU
		Debug|ARM = Debug|ARM
		Debug|x64 = Debug|x64
		Debug|x86 = Debug|x86
		Debug-BETA|Any CPU = Debug-BETA|Any CPU
		Debug-BETA|ARM = Debug-BETA|ARM
		Debug-BETA|x64 = Debug-BETA|x64
		Debug-BETA|x86 = Debug-BETA|x86
		Debug-BLUE|Any CPU = Debug-BLUE|Any CPU
		Debug-BLUE|ARM = Debug-BLUE|ARM
		Debug-BLUE|x64 = Debug-BLUE|x64
		Debug-BLUE|x86 = Debug-BLUE|x86
		Debug-WP7|Any CPU = Debug-WP7|Any CPU
		Debug-WP7|ARM = Debug-WP7|ARM
		Debug-WP7|x64 = Debug-WP7|x64
		Debug-WP7|x86 = Debug-WP7|x86
		Debug-WP7-BETA|Any CPU = Debug-WP7-BETA|Any CPU
		Debug-WP7-BETA|ARM = Debug-WP7-BETA|ARM
		Debug-WP7-BETA|x64 = Debug-WP7-BETA|x64
		Debug-WP7-BETA|x86 = Debug-WP7-BETA|x86
		Release|Any CPU = Release|Any CPU
		Release|ARM = Release|ARM
		Release|x64 = Release|x64
		Release|x86 = Release|x86
		Release-BETA|Any CPU = Release-BETA|Any CPU
		Release-BETA|ARM = Release-BETA|ARM
		Release-BETA|x64 = Release-BETA|x64
		Release-BETA|x86 = Release-BETA|x86
		Release-BLUE|Any CPU = Release-BLUE|Any CPU
		Release-BLUE|ARM = Release-BLUE|ARM
		Release-BLUE|x64 = Release-BLUE|x64
		Release-BLUE|x86 = Release-BLUE|x86
		Release-WP7|Any CPU = Release-WP7|Any CPU
		Release-WP7|ARM = Release-WP7|ARM
		Release-WP7|x64 = Release-WP7|x64
		Release-WP7|x86 = Release-WP7|x86
		Release-WP7-BETA|Any CPU = Release-WP7-BETA|Any CPU
		Release-WP7-BETA|ARM = Release-WP7-BETA|ARM
		Release-WP7-BETA|x64 = Release-WP7-BETA|x64
		Release-WP7-BETA|x86 = Release-WP7-BETA|x86
		UITest|Any CPU = UITest|Any CPU
		UITest|ARM = UITest|ARM
		UITest|x64 = UITest|x64
		UITest|x86 = UITest|x86
	EndGlobalSection
	GlobalSection(ProjectConfigurationPlatforms) = postSolution
		{90F83486-ED19-464F-A950-988B74E158D2}.Debug|Any CPU.ActiveCfg = Debug|Any CPU
		{90F83486-ED19-464F-A950-988B74E158D2}.Debug|Any CPU.Build.0 = Debug|Any CPU
		{90F83486-ED19-464F-A950-988B74E158D2}.Debug|ARM.ActiveCfg = Debug|ARM
		{90F83486-ED19-464F-A950-988B74E158D2}.Debug|ARM.Build.0 = Debug|ARM
		{90F83486-ED19-464F-A950-988B74E158D2}.Debug|x64.ActiveCfg = Debug|Any CPU
		{90F83486-ED19-464F-A950-988B74E158D2}.Debug|x86.ActiveCfg = Debug|x86
		{90F83486-ED19-464F-A950-988B74E158D2}.Debug|x86.Build.0 = Debug|x86
		{90F83486-ED19-464F-A950-988B74E158D2}.Debug-BETA|Any CPU.ActiveCfg = Debug|Any CPU
		{90F83486-ED19-464F-A950-988B74E158D2}.Debug-BETA|Any CPU.Build.0 = Debug|Any CPU
		{90F83486-ED19-464F-A950-988B74E158D2}.Debug-BETA|ARM.ActiveCfg = Debug|ARM
		{90F83486-ED19-464F-A950-988B74E158D2}.Debug-BETA|ARM.Build.0 = Debug|ARM
		{90F83486-ED19-464F-A950-988B74E158D2}.Debug-BETA|x64.ActiveCfg = Debug|Any CPU
		{90F83486-ED19-464F-A950-988B74E158D2}.Debug-BETA|x86.ActiveCfg = Debug|x86
		{90F83486-ED19-464F-A950-988B74E158D2}.Debug-BETA|x86.Build.0 = Debug|x86
		{90F83486-ED19-464F-A950-988B74E158D2}.Debug-BLUE|Any CPU.ActiveCfg = Debug|Any CPU
		{90F83486-ED19-464F-A950-988B74E158D2}.Debug-BLUE|Any CPU.Build.0 = Debug|Any CPU
		{90F83486-ED19-464F-A950-988B74E158D2}.Debug-BLUE|ARM.ActiveCfg = Debug|ARM
		{90F83486-ED19-464F-A950-988B74E158D2}.Debug-BLUE|ARM.Build.0 = Debug|ARM
		{90F83486-ED19-464F-A950-988B74E158D2}.Debug-BLUE|x64.ActiveCfg = Debug|Any CPU
		{90F83486-ED19-464F-A950-988B74E158D2}.Debug-BLUE|x86.ActiveCfg = Debug|x86
		{90F83486-ED19-464F-A950-988B74E158D2}.Debug-BLUE|x86.Build.0 = Debug|x86
		{90F83486-ED19-464F-A950-988B74E158D2}.Debug-WP7|Any CPU.ActiveCfg = Debug|Any CPU
		{90F83486-ED19-464F-A950-988B74E158D2}.Debug-WP7|Any CPU.Build.0 = Debug|Any CPU
		{90F83486-ED19-464F-A950-988B74E158D2}.Debug-WP7|ARM.ActiveCfg = Debug|ARM
		{90F83486-ED19-464F-A950-988B74E158D2}.Debug-WP7|ARM.Build.0 = Debug|ARM
		{90F83486-ED19-464F-A950-988B74E158D2}.Debug-WP7|x64.ActiveCfg = Debug|Any CPU
		{90F83486-ED19-464F-A950-988B74E158D2}.Debug-WP7|x86.ActiveCfg = Debug|x86
		{90F83486-ED19-464F-A950-988B74E158D2}.Debug-WP7|x86.Build.0 = Debug|x86
		{90F83486-ED19-464F-A950-988B74E158D2}.Debug-WP7-BETA|Any CPU.ActiveCfg = Debug|Any CPU
		{90F83486-ED19-464F-A950-988B74E158D2}.Debug-WP7-BETA|Any CPU.Build.0 = Debug|Any CPU
		{90F83486-ED19-464F-A950-988B74E158D2}.Debug-WP7-BETA|ARM.ActiveCfg = Debug|ARM
		{90F83486-ED19-464F-A950-988B74E158D2}.Debug-WP7-BETA|ARM.Build.0 = Debug|ARM
		{90F83486-ED19-464F-A950-988B74E158D2}.Debug-WP7-BETA|x64.ActiveCfg = Debug|Any CPU
		{90F83486-ED19-464F-A950-988B74E158D2}.Debug-WP7-BETA|x86.ActiveCfg = Debug|x86
		{90F83486-ED19-464F-A950-988B74E158D2}.Debug-WP7-BETA|x86.Build.0 = Debug|x86
		{90F83486-ED19-464F-A950-988B74E158D2}.Release|Any CPU.ActiveCfg = Release|Any CPU
		{90F83486-ED19-464F-A950-988B74E158D2}.Release|Any CPU.Build.0 = Release|Any CPU
		{90F83486-ED19-464F-A950-988B74E158D2}.Release|ARM.ActiveCfg = Release|ARM
		{90F83486-ED19-464F-A950-988B74E158D2}.Release|ARM.Build.0 = Release|ARM
		{90F83486-ED19-464F-A950-988B74E158D2}.Release|x64.ActiveCfg = Release|Any CPU
		{90F83486-ED19-464F-A950-988B74E158D2}.Release|x86.ActiveCfg = Release|x86
		{90F83486-ED19-464F-A950-988B74E158D2}.Release|x86.Build.0 = Release|x86
		{90F83486-ED19-464F-A950-988B74E158D2}.Release-BETA|Any CPU.ActiveCfg = Release|Any CPU
		{90F83486-ED19-464F-A950-988B74E158D2}.Release-BETA|Any CPU.Build.0 = Release|Any CPU
		{90F83486-ED19-464F-A950-988B74E158D2}.Release-BETA|ARM.ActiveCfg = Release|ARM
		{90F83486-ED19-464F-A950-988B74E158D2}.Release-BETA|ARM.Build.0 = Release|ARM
		{90F83486-ED19-464F-A950-988B74E158D2}.Release-BETA|x64.ActiveCfg = Release|Any CPU
		{90F83486-ED19-464F-A950-988B74E158D2}.Release-BETA|x86.ActiveCfg = Release|x86
		{90F83486-ED19-464F-A950-988B74E158D2}.Release-BETA|x86.Build.0 = Release|x86
		{90F83486-ED19-464F-A950-988B74E158D2}.Release-BLUE|Any CPU.ActiveCfg = Release|Any CPU
		{90F83486-ED19-464F-A950-988B74E158D2}.Release-BLUE|Any CPU.Build.0 = Release|Any CPU
		{90F83486-ED19-464F-A950-988B74E158D2}.Release-BLUE|ARM.ActiveCfg = Release|ARM
		{90F83486-ED19-464F-A950-988B74E158D2}.Release-BLUE|ARM.Build.0 = Release|ARM
		{90F83486-ED19-464F-A950-988B74E158D2}.Release-BLUE|x64.ActiveCfg = Release|Any CPU
		{90F83486-ED19-464F-A950-988B74E158D2}.Release-BLUE|x86.ActiveCfg = Release|x86
		{90F83486-ED19-464F-A950-988B74E158D2}.Release-BLUE|x86.Build.0 = Release|x86
		{90F83486-ED19-464F-A950-988B74E158D2}.Release-WP7|Any CPU.ActiveCfg = Release|Any CPU
		{90F83486-ED19-464F-A950-988B74E158D2}.Release-WP7|Any CPU.Build.0 = Release|Any CPU
		{90F83486-ED19-464F-A950-988B74E158D2}.Release-WP7|ARM.ActiveCfg = Release|ARM
		{90F83486-ED19-464F-A950-988B74E158D2}.Release-WP7|ARM.Build.0 = Release|ARM
		{90F83486-ED19-464F-A950-988B74E158D2}.Release-WP7|x64.ActiveCfg = Release|Any CPU
		{90F83486-ED19-464F-A950-988B74E158D2}.Release-WP7|x86.ActiveCfg = Release|x86
		{90F83486-ED19-464F-A950-988B74E158D2}.Release-WP7|x86.Build.0 = Release|x86
		{90F83486-ED19-464F-A950-988B74E158D2}.Release-WP7-BETA|Any CPU.ActiveCfg = Release|Any CPU
		{90F83486-ED19-464F-A950-988B74E158D2}.Release-WP7-BETA|Any CPU.Build.0 = Release|Any CPU
		{90F83486-ED19-464F-A950-988B74E158D2}.Release-WP7-BETA|ARM.ActiveCfg = Release|ARM
		{90F83486-ED19-464F-A950-988B74E158D2}.Release-WP7-BETA|ARM.Build.0 = Release|ARM
		{90F83486-ED19-464F-A950-988B74E158D2}.Release-WP7-BETA|x64.ActiveCfg = Release|Any CPU
		{90F83486-ED19-464F-A950-988B74E158D2}.Release-WP7-BETA|x86.ActiveCfg = Release|x86
		{90F83486-ED19-464F-A950-988B74E158D2}.Release-WP7-BETA|x86.Build.0 = Release|x86
		{90F83486-ED19-464F-A950-988B74E158D2}.UITest|Any CPU.ActiveCfg = Release|Any CPU
		{90F83486-ED19-464F-A950-988B74E158D2}.UITest|Any CPU.Build.0 = Release|Any CPU
		{90F83486-ED19-464F-A950-988B74E158D2}.UITest|ARM.ActiveCfg = Release|ARM
		{90F83486-ED19-464F-A950-988B74E158D2}.UITest|ARM.Build.0 = Release|ARM
		{90F83486-ED19-464F-A950-988B74E158D2}.UITest|x64.ActiveCfg = Release|Any CPU
		{90F83486-ED19-464F-A950-988B74E158D2}.UITest|x86.ActiveCfg = Release|x86
		{90F83486-ED19-464F-A950-988B74E158D2}.UITest|x86.Build.0 = Release|x86
		{ADFE95C2-8DFE-41C4-9939-38E446617945}.Debug|Any CPU.ActiveCfg = Debug|Any CPU
		{ADFE95C2-8DFE-41C4-9939-38E446617945}.Debug|Any CPU.Build.0 = Debug|Any CPU
		{ADFE95C2-8DFE-41C4-9939-38E446617945}.Debug|Any CPU.Deploy.0 = Debug|Any CPU
		{ADFE95C2-8DFE-41C4-9939-38E446617945}.Debug|ARM.ActiveCfg = Debug|ARM
		{ADFE95C2-8DFE-41C4-9939-38E446617945}.Debug|ARM.Build.0 = Debug|ARM
		{ADFE95C2-8DFE-41C4-9939-38E446617945}.Debug|ARM.Deploy.0 = Debug|ARM
		{ADFE95C2-8DFE-41C4-9939-38E446617945}.Debug|x64.ActiveCfg = Debug|Any CPU
		{ADFE95C2-8DFE-41C4-9939-38E446617945}.Debug|x86.ActiveCfg = Debug|x86
		{ADFE95C2-8DFE-41C4-9939-38E446617945}.Debug|x86.Build.0 = Debug|x86
		{ADFE95C2-8DFE-41C4-9939-38E446617945}.Debug|x86.Deploy.0 = Debug|x86
		{ADFE95C2-8DFE-41C4-9939-38E446617945}.Debug-BETA|Any CPU.ActiveCfg = Debug|Any CPU
		{ADFE95C2-8DFE-41C4-9939-38E446617945}.Debug-BETA|Any CPU.Build.0 = Debug|Any CPU
		{ADFE95C2-8DFE-41C4-9939-38E446617945}.Debug-BETA|Any CPU.Deploy.0 = Debug|Any CPU
		{ADFE95C2-8DFE-41C4-9939-38E446617945}.Debug-BETA|ARM.ActiveCfg = Debug|ARM
		{ADFE95C2-8DFE-41C4-9939-38E446617945}.Debug-BETA|ARM.Build.0 = Debug|ARM
		{ADFE95C2-8DFE-41C4-9939-38E446617945}.Debug-BETA|ARM.Deploy.0 = Debug|ARM
		{ADFE95C2-8DFE-41C4-9939-38E446617945}.Debug-BETA|x64.ActiveCfg = Debug|Any CPU
		{ADFE95C2-8DFE-41C4-9939-38E446617945}.Debug-BETA|x86.ActiveCfg = Debug|x86
		{ADFE95C2-8DFE-41C4-9939-38E446617945}.Debug-BETA|x86.Build.0 = Debug|x86
		{ADFE95C2-8DFE-41C4-9939-38E446617945}.Debug-BETA|x86.Deploy.0 = Debug|x86
		{ADFE95C2-8DFE-41C4-9939-38E446617945}.Debug-BLUE|Any CPU.ActiveCfg = Debug|Any CPU
		{ADFE95C2-8DFE-41C4-9939-38E446617945}.Debug-BLUE|Any CPU.Build.0 = Debug|Any CPU
		{ADFE95C2-8DFE-41C4-9939-38E446617945}.Debug-BLUE|Any CPU.Deploy.0 = Debug|Any CPU
		{ADFE95C2-8DFE-41C4-9939-38E446617945}.Debug-BLUE|ARM.ActiveCfg = Debug|ARM
		{ADFE95C2-8DFE-41C4-9939-38E446617945}.Debug-BLUE|ARM.Build.0 = Debug|ARM
		{ADFE95C2-8DFE-41C4-9939-38E446617945}.Debug-BLUE|ARM.Deploy.0 = Debug|ARM
		{ADFE95C2-8DFE-41C4-9939-38E446617945}.Debug-BLUE|x64.ActiveCfg = Debug|Any CPU
		{ADFE95C2-8DFE-41C4-9939-38E446617945}.Debug-BLUE|x86.ActiveCfg = Debug|x86
		{ADFE95C2-8DFE-41C4-9939-38E446617945}.Debug-BLUE|x86.Build.0 = Debug|x86
		{ADFE95C2-8DFE-41C4-9939-38E446617945}.Debug-BLUE|x86.Deploy.0 = Debug|x86
		{ADFE95C2-8DFE-41C4-9939-38E446617945}.Debug-WP7|Any CPU.ActiveCfg = Debug|Any CPU
		{ADFE95C2-8DFE-41C4-9939-38E446617945}.Debug-WP7|Any CPU.Build.0 = Debug|Any CPU
		{ADFE95C2-8DFE-41C4-9939-38E446617945}.Debug-WP7|Any CPU.Deploy.0 = Debug|Any CPU
		{ADFE95C2-8DFE-41C4-9939-38E446617945}.Debug-WP7|ARM.ActiveCfg = Debug|ARM
		{ADFE95C2-8DFE-41C4-9939-38E446617945}.Debug-WP7|ARM.Build.0 = Debug|ARM
		{ADFE95C2-8DFE-41C4-9939-38E446617945}.Debug-WP7|ARM.Deploy.0 = Debug|ARM
		{ADFE95C2-8DFE-41C4-9939-38E446617945}.Debug-WP7|x64.ActiveCfg = Debug|Any CPU
		{ADFE95C2-8DFE-41C4-9939-38E446617945}.Debug-WP7|x86.ActiveCfg = Debug|x86
		{ADFE95C2-8DFE-41C4-9939-38E446617945}.Debug-WP7|x86.Build.0 = Debug|x86
		{ADFE95C2-8DFE-41C4-9939-38E446617945}.Debug-WP7|x86.Deploy.0 = Debug|x86
		{ADFE95C2-8DFE-41C4-9939-38E446617945}.Debug-WP7-BETA|Any CPU.ActiveCfg = Debug|Any CPU
		{ADFE95C2-8DFE-41C4-9939-38E446617945}.Debug-WP7-BETA|Any CPU.Build.0 = Debug|Any CPU
		{ADFE95C2-8DFE-41C4-9939-38E446617945}.Debug-WP7-BETA|Any CPU.Deploy.0 = Debug|Any CPU
		{ADFE95C2-8DFE-41C4-9939-38E446617945}.Debug-WP7-BETA|ARM.ActiveCfg = Debug|ARM
		{ADFE95C2-8DFE-41C4-9939-38E446617945}.Debug-WP7-BETA|ARM.Build.0 = Debug|ARM
		{ADFE95C2-8DFE-41C4-9939-38E446617945}.Debug-WP7-BETA|ARM.Deploy.0 = Debug|ARM
		{ADFE95C2-8DFE-41C4-9939-38E446617945}.Debug-WP7-BETA|x64.ActiveCfg = Debug|Any CPU
		{ADFE95C2-8DFE-41C4-9939-38E446617945}.Debug-WP7-BETA|x86.ActiveCfg = Debug|x86
		{ADFE95C2-8DFE-41C4-9939-38E446617945}.Debug-WP7-BETA|x86.Build.0 = Debug|x86
		{ADFE95C2-8DFE-41C4-9939-38E446617945}.Debug-WP7-BETA|x86.Deploy.0 = Debug|x86
		{ADFE95C2-8DFE-41C4-9939-38E446617945}.Release|Any CPU.ActiveCfg = Release|Any CPU
		{ADFE95C2-8DFE-41C4-9939-38E446617945}.Release|Any CPU.Build.0 = Release|Any CPU
		{ADFE95C2-8DFE-41C4-9939-38E446617945}.Release|Any CPU.Deploy.0 = Release|Any CPU
		{ADFE95C2-8DFE-41C4-9939-38E446617945}.Release|ARM.ActiveCfg = Release|ARM
		{ADFE95C2-8DFE-41C4-9939-38E446617945}.Release|ARM.Build.0 = Release|ARM
		{ADFE95C2-8DFE-41C4-9939-38E446617945}.Release|ARM.Deploy.0 = Release|ARM
		{ADFE95C2-8DFE-41C4-9939-38E446617945}.Release|x64.ActiveCfg = Release|Any CPU
		{ADFE95C2-8DFE-41C4-9939-38E446617945}.Release|x86.ActiveCfg = Release|x86
		{ADFE95C2-8DFE-41C4-9939-38E446617945}.Release|x86.Build.0 = Release|x86
		{ADFE95C2-8DFE-41C4-9939-38E446617945}.Release|x86.Deploy.0 = Release|x86
		{ADFE95C2-8DFE-41C4-9939-38E446617945}.Release-BETA|Any CPU.ActiveCfg = Release|Any CPU
		{ADFE95C2-8DFE-41C4-9939-38E446617945}.Release-BETA|Any CPU.Build.0 = Release|Any CPU
		{ADFE95C2-8DFE-41C4-9939-38E446617945}.Release-BETA|Any CPU.Deploy.0 = Release|Any CPU
		{ADFE95C2-8DFE-41C4-9939-38E446617945}.Release-BETA|ARM.ActiveCfg = Release|ARM
		{ADFE95C2-8DFE-41C4-9939-38E446617945}.Release-BETA|ARM.Build.0 = Release|ARM
		{ADFE95C2-8DFE-41C4-9939-38E446617945}.Release-BETA|ARM.Deploy.0 = Release|ARM
		{ADFE95C2-8DFE-41C4-9939-38E446617945}.Release-BETA|x64.ActiveCfg = Release|Any CPU
		{ADFE95C2-8DFE-41C4-9939-38E446617945}.Release-BETA|x86.ActiveCfg = Release|x86
		{ADFE95C2-8DFE-41C4-9939-38E446617945}.Release-BETA|x86.Build.0 = Release|x86
		{ADFE95C2-8DFE-41C4-9939-38E446617945}.Release-BETA|x86.Deploy.0 = Release|x86
		{ADFE95C2-8DFE-41C4-9939-38E446617945}.Release-BLUE|Any CPU.ActiveCfg = Release|Any CPU
		{ADFE95C2-8DFE-41C4-9939-38E446617945}.Release-BLUE|Any CPU.Build.0 = Release|Any CPU
		{ADFE95C2-8DFE-41C4-9939-38E446617945}.Release-BLUE|Any CPU.Deploy.0 = Release|Any CPU
		{ADFE95C2-8DFE-41C4-9939-38E446617945}.Release-BLUE|ARM.ActiveCfg = Release|ARM
		{ADFE95C2-8DFE-41C4-9939-38E446617945}.Release-BLUE|ARM.Build.0 = Release|ARM
		{ADFE95C2-8DFE-41C4-9939-38E446617945}.Release-BLUE|ARM.Deploy.0 = Release|ARM
		{ADFE95C2-8DFE-41C4-9939-38E446617945}.Release-BLUE|x64.ActiveCfg = Release|Any CPU
		{ADFE95C2-8DFE-41C4-9939-38E446617945}.Release-BLUE|x86.ActiveCfg = Release|x86
		{ADFE95C2-8DFE-41C4-9939-38E446617945}.Release-BLUE|x86.Build.0 = Release|x86
		{ADFE95C2-8DFE-41C4-9939-38E446617945}.Release-BLUE|x86.Deploy.0 = Release|x86
		{ADFE95C2-8DFE-41C4-9939-38E446617945}.Release-WP7|Any CPU.ActiveCfg = Release|Any CPU
		{ADFE95C2-8DFE-41C4-9939-38E446617945}.Release-WP7|Any CPU.Build.0 = Release|Any CPU
		{ADFE95C2-8DFE-41C4-9939-38E446617945}.Release-WP7|Any CPU.Deploy.0 = Release|Any CPU
		{ADFE95C2-8DFE-41C4-9939-38E446617945}.Release-WP7|ARM.ActiveCfg = Release|ARM
		{ADFE95C2-8DFE-41C4-9939-38E446617945}.Release-WP7|ARM.Build.0 = Release|ARM
		{ADFE95C2-8DFE-41C4-9939-38E446617945}.Release-WP7|ARM.Deploy.0 = Release|ARM
		{ADFE95C2-8DFE-41C4-9939-38E446617945}.Release-WP7|x64.ActiveCfg = Release|Any CPU
		{ADFE95C2-8DFE-41C4-9939-38E446617945}.Release-WP7|x86.ActiveCfg = Release|x86
		{ADFE95C2-8DFE-41C4-9939-38E446617945}.Release-WP7|x86.Build.0 = Release|x86
		{ADFE95C2-8DFE-41C4-9939-38E446617945}.Release-WP7|x86.Deploy.0 = Release|x86
		{ADFE95C2-8DFE-41C4-9939-38E446617945}.Release-WP7-BETA|Any CPU.ActiveCfg = Release|Any CPU
		{ADFE95C2-8DFE-41C4-9939-38E446617945}.Release-WP7-BETA|Any CPU.Build.0 = Release|Any CPU
		{ADFE95C2-8DFE-41C4-9939-38E446617945}.Release-WP7-BETA|Any CPU.Deploy.0 = Release|Any CPU
		{ADFE95C2-8DFE-41C4-9939-38E446617945}.Release-WP7-BETA|ARM.ActiveCfg = Release|ARM
		{ADFE95C2-8DFE-41C4-9939-38E446617945}.Release-WP7-BETA|ARM.Build.0 = Release|ARM
		{ADFE95C2-8DFE-41C4-9939-38E446617945}.Release-WP7-BETA|ARM.Deploy.0 = Release|ARM
		{ADFE95C2-8DFE-41C4-9939-38E446617945}.Release-WP7-BETA|x64.ActiveCfg = Release|Any CPU
		{ADFE95C2-8DFE-41C4-9939-38E446617945}.Release-WP7-BETA|x86.ActiveCfg = Release|x86
		{ADFE95C2-8DFE-41C4-9939-38E446617945}.Release-WP7-BETA|x86.Build.0 = Release|x86
		{ADFE95C2-8DFE-41C4-9939-38E446617945}.Release-WP7-BETA|x86.Deploy.0 = Release|x86
		{ADFE95C2-8DFE-41C4-9939-38E446617945}.UITest|Any CPU.ActiveCfg = Release|Any CPU
		{ADFE95C2-8DFE-41C4-9939-38E446617945}.UITest|Any CPU.Build.0 = Release|Any CPU
		{ADFE95C2-8DFE-41C4-9939-38E446617945}.UITest|Any CPU.Deploy.0 = Release|Any CPU
		{ADFE95C2-8DFE-41C4-9939-38E446617945}.UITest|ARM.ActiveCfg = Release|ARM
		{ADFE95C2-8DFE-41C4-9939-38E446617945}.UITest|ARM.Build.0 = Release|ARM
		{ADFE95C2-8DFE-41C4-9939-38E446617945}.UITest|ARM.Deploy.0 = Release|ARM
		{ADFE95C2-8DFE-41C4-9939-38E446617945}.UITest|x64.ActiveCfg = Release|Any CPU
		{ADFE95C2-8DFE-41C4-9939-38E446617945}.UITest|x86.ActiveCfg = Release|x86
		{ADFE95C2-8DFE-41C4-9939-38E446617945}.UITest|x86.Build.0 = Release|x86
		{ADFE95C2-8DFE-41C4-9939-38E446617945}.UITest|x86.Deploy.0 = Release|x86
		{BB9E8411-1D8D-4D3F-A83D-038FCA9E7E6D}.Debug|Any CPU.ActiveCfg = Debug|Any CPU
		{BB9E8411-1D8D-4D3F-A83D-038FCA9E7E6D}.Debug|Any CPU.Build.0 = Debug|Any CPU
		{BB9E8411-1D8D-4D3F-A83D-038FCA9E7E6D}.Debug|Any CPU.Deploy.0 = Debug|Any CPU
		{BB9E8411-1D8D-4D3F-A83D-038FCA9E7E6D}.Debug|ARM.ActiveCfg = Debug|ARM
		{BB9E8411-1D8D-4D3F-A83D-038FCA9E7E6D}.Debug|ARM.Build.0 = Debug|ARM
		{BB9E8411-1D8D-4D3F-A83D-038FCA9E7E6D}.Debug|ARM.Deploy.0 = Debug|ARM
		{BB9E8411-1D8D-4D3F-A83D-038FCA9E7E6D}.Debug|x64.ActiveCfg = Debug|Any CPU
		{BB9E8411-1D8D-4D3F-A83D-038FCA9E7E6D}.Debug|x86.ActiveCfg = Debug|x86
		{BB9E8411-1D8D-4D3F-A83D-038FCA9E7E6D}.Debug|x86.Build.0 = Debug|x86
		{BB9E8411-1D8D-4D3F-A83D-038FCA9E7E6D}.Debug|x86.Deploy.0 = Debug|x86
		{BB9E8411-1D8D-4D3F-A83D-038FCA9E7E6D}.Debug-BETA|Any CPU.ActiveCfg = Debug|Any CPU
		{BB9E8411-1D8D-4D3F-A83D-038FCA9E7E6D}.Debug-BETA|Any CPU.Build.0 = Debug|Any CPU
		{BB9E8411-1D8D-4D3F-A83D-038FCA9E7E6D}.Debug-BETA|Any CPU.Deploy.0 = Debug|Any CPU
		{BB9E8411-1D8D-4D3F-A83D-038FCA9E7E6D}.Debug-BETA|ARM.ActiveCfg = Debug|ARM
		{BB9E8411-1D8D-4D3F-A83D-038FCA9E7E6D}.Debug-BETA|ARM.Build.0 = Debug|ARM
		{BB9E8411-1D8D-4D3F-A83D-038FCA9E7E6D}.Debug-BETA|ARM.Deploy.0 = Debug|ARM
		{BB9E8411-1D8D-4D3F-A83D-038FCA9E7E6D}.Debug-BETA|x64.ActiveCfg = Debug|Any CPU
		{BB9E8411-1D8D-4D3F-A83D-038FCA9E7E6D}.Debug-BETA|x86.ActiveCfg = Debug|x86
		{BB9E8411-1D8D-4D3F-A83D-038FCA9E7E6D}.Debug-BETA|x86.Build.0 = Debug|x86
		{BB9E8411-1D8D-4D3F-A83D-038FCA9E7E6D}.Debug-BETA|x86.Deploy.0 = Debug|x86
		{BB9E8411-1D8D-4D3F-A83D-038FCA9E7E6D}.Debug-BLUE|Any CPU.ActiveCfg = Debug|Any CPU
		{BB9E8411-1D8D-4D3F-A83D-038FCA9E7E6D}.Debug-BLUE|Any CPU.Build.0 = Debug|Any CPU
		{BB9E8411-1D8D-4D3F-A83D-038FCA9E7E6D}.Debug-BLUE|Any CPU.Deploy.0 = Debug|Any CPU
		{BB9E8411-1D8D-4D3F-A83D-038FCA9E7E6D}.Debug-BLUE|ARM.ActiveCfg = Debug|ARM
		{BB9E8411-1D8D-4D3F-A83D-038FCA9E7E6D}.Debug-BLUE|ARM.Build.0 = Debug|ARM
		{BB9E8411-1D8D-4D3F-A83D-038FCA9E7E6D}.Debug-BLUE|ARM.Deploy.0 = Debug|ARM
		{BB9E8411-1D8D-4D3F-A83D-038FCA9E7E6D}.Debug-BLUE|x64.ActiveCfg = Debug|Any CPU
		{BB9E8411-1D8D-4D3F-A83D-038FCA9E7E6D}.Debug-BLUE|x86.ActiveCfg = Debug|x86
		{BB9E8411-1D8D-4D3F-A83D-038FCA9E7E6D}.Debug-BLUE|x86.Build.0 = Debug|x86
		{BB9E8411-1D8D-4D3F-A83D-038FCA9E7E6D}.Debug-BLUE|x86.Deploy.0 = Debug|x86
		{BB9E8411-1D8D-4D3F-A83D-038FCA9E7E6D}.Debug-WP7|Any CPU.ActiveCfg = Debug|Any CPU
		{BB9E8411-1D8D-4D3F-A83D-038FCA9E7E6D}.Debug-WP7|Any CPU.Build.0 = Debug|Any CPU
		{BB9E8411-1D8D-4D3F-A83D-038FCA9E7E6D}.Debug-WP7|Any CPU.Deploy.0 = Debug|Any CPU
		{BB9E8411-1D8D-4D3F-A83D-038FCA9E7E6D}.Debug-WP7|ARM.ActiveCfg = Debug|ARM
		{BB9E8411-1D8D-4D3F-A83D-038FCA9E7E6D}.Debug-WP7|ARM.Build.0 = Debug|ARM
		{BB9E8411-1D8D-4D3F-A83D-038FCA9E7E6D}.Debug-WP7|ARM.Deploy.0 = Debug|ARM
		{BB9E8411-1D8D-4D3F-A83D-038FCA9E7E6D}.Debug-WP7|x64.ActiveCfg = Debug|Any CPU
		{BB9E8411-1D8D-4D3F-A83D-038FCA9E7E6D}.Debug-WP7|x86.ActiveCfg = Debug|x86
		{BB9E8411-1D8D-4D3F-A83D-038FCA9E7E6D}.Debug-WP7|x86.Build.0 = Debug|x86
		{BB9E8411-1D8D-4D3F-A83D-038FCA9E7E6D}.Debug-WP7|x86.Deploy.0 = Debug|x86
		{BB9E8411-1D8D-4D3F-A83D-038FCA9E7E6D}.Debug-WP7-BETA|Any CPU.ActiveCfg = Debug|Any CPU
		{BB9E8411-1D8D-4D3F-A83D-038FCA9E7E6D}.Debug-WP7-BETA|Any CPU.Build.0 = Debug|Any CPU
		{BB9E8411-1D8D-4D3F-A83D-038FCA9E7E6D}.Debug-WP7-BETA|Any CPU.Deploy.0 = Debug|Any CPU
		{BB9E8411-1D8D-4D3F-A83D-038FCA9E7E6D}.Debug-WP7-BETA|ARM.ActiveCfg = Debug|ARM
		{BB9E8411-1D8D-4D3F-A83D-038FCA9E7E6D}.Debug-WP7-BETA|ARM.Build.0 = Debug|ARM
		{BB9E8411-1D8D-4D3F-A83D-038FCA9E7E6D}.Debug-WP7-BETA|ARM.Deploy.0 = Debug|ARM
		{BB9E8411-1D8D-4D3F-A83D-038FCA9E7E6D}.Debug-WP7-BETA|x64.ActiveCfg = Debug|Any CPU
		{BB9E8411-1D8D-4D3F-A83D-038FCA9E7E6D}.Debug-WP7-BETA|x86.ActiveCfg = Debug|x86
		{BB9E8411-1D8D-4D3F-A83D-038FCA9E7E6D}.Debug-WP7-BETA|x86.Build.0 = Debug|x86
		{BB9E8411-1D8D-4D3F-A83D-038FCA9E7E6D}.Debug-WP7-BETA|x86.Deploy.0 = Debug|x86
		{BB9E8411-1D8D-4D3F-A83D-038FCA9E7E6D}.Release|Any CPU.ActiveCfg = Release|Any CPU
		{BB9E8411-1D8D-4D3F-A83D-038FCA9E7E6D}.Release|Any CPU.Build.0 = Release|Any CPU
		{BB9E8411-1D8D-4D3F-A83D-038FCA9E7E6D}.Release|Any CPU.Deploy.0 = Release|Any CPU
		{BB9E8411-1D8D-4D3F-A83D-038FCA9E7E6D}.Release|ARM.ActiveCfg = Release|ARM
		{BB9E8411-1D8D-4D3F-A83D-038FCA9E7E6D}.Release|ARM.Build.0 = Release|ARM
		{BB9E8411-1D8D-4D3F-A83D-038FCA9E7E6D}.Release|ARM.Deploy.0 = Release|ARM
		{BB9E8411-1D8D-4D3F-A83D-038FCA9E7E6D}.Release|x64.ActiveCfg = Release|Any CPU
		{BB9E8411-1D8D-4D3F-A83D-038FCA9E7E6D}.Release|x86.ActiveCfg = Release|x86
		{BB9E8411-1D8D-4D3F-A83D-038FCA9E7E6D}.Release|x86.Build.0 = Release|x86
		{BB9E8411-1D8D-4D3F-A83D-038FCA9E7E6D}.Release|x86.Deploy.0 = Release|x86
		{BB9E8411-1D8D-4D3F-A83D-038FCA9E7E6D}.Release-BETA|Any CPU.ActiveCfg = Release|Any CPU
		{BB9E8411-1D8D-4D3F-A83D-038FCA9E7E6D}.Release-BETA|Any CPU.Build.0 = Release|Any CPU
		{BB9E8411-1D8D-4D3F-A83D-038FCA9E7E6D}.Release-BETA|Any CPU.Deploy.0 = Release|Any CPU
		{BB9E8411-1D8D-4D3F-A83D-038FCA9E7E6D}.Release-BETA|ARM.ActiveCfg = Release|ARM
		{BB9E8411-1D8D-4D3F-A83D-038FCA9E7E6D}.Release-BETA|ARM.Build.0 = Release|ARM
		{BB9E8411-1D8D-4D3F-A83D-038FCA9E7E6D}.Release-BETA|ARM.Deploy.0 = Release|ARM
		{BB9E8411-1D8D-4D3F-A83D-038FCA9E7E6D}.Release-BETA|x64.ActiveCfg = Release|Any CPU
		{BB9E8411-1D8D-4D3F-A83D-038FCA9E7E6D}.Release-BETA|x86.ActiveCfg = Release|x86
		{BB9E8411-1D8D-4D3F-A83D-038FCA9E7E6D}.Release-BETA|x86.Build.0 = Release|x86
		{BB9E8411-1D8D-4D3F-A83D-038FCA9E7E6D}.Release-BETA|x86.Deploy.0 = Release|x86
		{BB9E8411-1D8D-4D3F-A83D-038FCA9E7E6D}.Release-BLUE|Any CPU.ActiveCfg = Release|Any CPU
		{BB9E8411-1D8D-4D3F-A83D-038FCA9E7E6D}.Release-BLUE|Any CPU.Build.0 = Release|Any CPU
		{BB9E8411-1D8D-4D3F-A83D-038FCA9E7E6D}.Release-BLUE|Any CPU.Deploy.0 = Release|Any CPU
		{BB9E8411-1D8D-4D3F-A83D-038FCA9E7E6D}.Release-BLUE|ARM.ActiveCfg = Release|ARM
		{BB9E8411-1D8D-4D3F-A83D-038FCA9E7E6D}.Release-BLUE|ARM.Build.0 = Release|ARM
		{BB9E8411-1D8D-4D3F-A83D-038FCA9E7E6D}.Release-BLUE|ARM.Deploy.0 = Release|ARM
		{BB9E8411-1D8D-4D3F-A83D-038FCA9E7E6D}.Release-BLUE|x64.ActiveCfg = Release|Any CPU
		{BB9E8411-1D8D-4D3F-A83D-038FCA9E7E6D}.Release-BLUE|x86.ActiveCfg = Release|x86
		{BB9E8411-1D8D-4D3F-A83D-038FCA9E7E6D}.Release-BLUE|x86.Build.0 = Release|x86
		{BB9E8411-1D8D-4D3F-A83D-038FCA9E7E6D}.Release-BLUE|x86.Deploy.0 = Release|x86
		{BB9E8411-1D8D-4D3F-A83D-038FCA9E7E6D}.Release-WP7|Any CPU.ActiveCfg = Release|Any CPU
		{BB9E8411-1D8D-4D3F-A83D-038FCA9E7E6D}.Release-WP7|Any CPU.Build.0 = Release|Any CPU
		{BB9E8411-1D8D-4D3F-A83D-038FCA9E7E6D}.Release-WP7|Any CPU.Deploy.0 = Release|Any CPU
		{BB9E8411-1D8D-4D3F-A83D-038FCA9E7E6D}.Release-WP7|ARM.ActiveCfg = Release|ARM
		{BB9E8411-1D8D-4D3F-A83D-038FCA9E7E6D}.Release-WP7|ARM.Build.0 = Release|ARM
		{BB9E8411-1D8D-4D3F-A83D-038FCA9E7E6D}.Release-WP7|ARM.Deploy.0 = Release|ARM
		{BB9E8411-1D8D-4D3F-A83D-038FCA9E7E6D}.Release-WP7|x64.ActiveCfg = Release|Any CPU
		{BB9E8411-1D8D-4D3F-A83D-038FCA9E7E6D}.Release-WP7|x86.ActiveCfg = Release|x86
		{BB9E8411-1D8D-4D3F-A83D-038FCA9E7E6D}.Release-WP7|x86.Build.0 = Release|x86
		{BB9E8411-1D8D-4D3F-A83D-038FCA9E7E6D}.Release-WP7|x86.Deploy.0 = Release|x86
		{BB9E8411-1D8D-4D3F-A83D-038FCA9E7E6D}.Release-WP7-BETA|Any CPU.ActiveCfg = Release|Any CPU
		{BB9E8411-1D8D-4D3F-A83D-038FCA9E7E6D}.Release-WP7-BETA|Any CPU.Build.0 = Release|Any CPU
		{BB9E8411-1D8D-4D3F-A83D-038FCA9E7E6D}.Release-WP7-BETA|Any CPU.Deploy.0 = Release|Any CPU
		{BB9E8411-1D8D-4D3F-A83D-038FCA9E7E6D}.Release-WP7-BETA|ARM.ActiveCfg = Release|ARM
		{BB9E8411-1D8D-4D3F-A83D-038FCA9E7E6D}.Release-WP7-BETA|ARM.Build.0 = Release|ARM
		{BB9E8411-1D8D-4D3F-A83D-038FCA9E7E6D}.Release-WP7-BETA|ARM.Deploy.0 = Release|ARM
		{BB9E8411-1D8D-4D3F-A83D-038FCA9E7E6D}.Release-WP7-BETA|x64.ActiveCfg = Release|Any CPU
		{BB9E8411-1D8D-4D3F-A83D-038FCA9E7E6D}.Release-WP7-BETA|x86.ActiveCfg = Release|x86
		{BB9E8411-1D8D-4D3F-A83D-038FCA9E7E6D}.Release-WP7-BETA|x86.Build.0 = Release|x86
		{BB9E8411-1D8D-4D3F-A83D-038FCA9E7E6D}.Release-WP7-BETA|x86.Deploy.0 = Release|x86
		{BB9E8411-1D8D-4D3F-A83D-038FCA9E7E6D}.UITest|Any CPU.ActiveCfg = Release|Any CPU
		{BB9E8411-1D8D-4D3F-A83D-038FCA9E7E6D}.UITest|Any CPU.Build.0 = Release|Any CPU
		{BB9E8411-1D8D-4D3F-A83D-038FCA9E7E6D}.UITest|Any CPU.Deploy.0 = Release|Any CPU
		{BB9E8411-1D8D-4D3F-A83D-038FCA9E7E6D}.UITest|ARM.ActiveCfg = Release|ARM
		{BB9E8411-1D8D-4D3F-A83D-038FCA9E7E6D}.UITest|ARM.Build.0 = Release|ARM
		{BB9E8411-1D8D-4D3F-A83D-038FCA9E7E6D}.UITest|ARM.Deploy.0 = Release|ARM
		{BB9E8411-1D8D-4D3F-A83D-038FCA9E7E6D}.UITest|x64.ActiveCfg = Release|Any CPU
		{BB9E8411-1D8D-4D3F-A83D-038FCA9E7E6D}.UITest|x86.ActiveCfg = Release|x86
		{BB9E8411-1D8D-4D3F-A83D-038FCA9E7E6D}.UITest|x86.Build.0 = Release|x86
		{BB9E8411-1D8D-4D3F-A83D-038FCA9E7E6D}.UITest|x86.Deploy.0 = Release|x86
	EndGlobalSection
	GlobalSection(SolutionProperties) = preSolution
		HideSolutionNode = FALSE
	EndGlobalSection
EndGlobal

