
Microsoft Visual Studio Solution File, Format Version 12.00
# Visual Studio 2013
VisualStudioVersion = 12.0.31101.0
MinimumVisualStudioVersion = 10.0.40219.1
Project("{2150E333-8FDC-42A3-9474-1A3956D46DE8}") = "Facebook.Client-Universal", "Facebook.Client-Universal", "{09489581-DF63-40E0-8FD9-A0A242B8F032}"
EndProject
Project("{D954291E-2A0B-460D-934E-DC6B0785DB48}") = "Facebook.Client-Universal.Shared", "Facebook.Client-Universal\Facebook.Client-Universal.Shared\Facebook.Client-Universal.Shared.shproj", "{EE957BBC-7963-4CA5-88F8-4750849A3D9A}"
EndProject
Project("{FAE04EC0-301F-11D3-BF4B-00C04F79EFBC}") = "Facebook.Client-Universal.Windows", "Facebook.Client-Universal\Facebook.Client-Universal.Windows\Facebook.Client-Universal.Windows.csproj", "{3A681113-CB0E-4712-8827-F35F67F29C5F}"
EndProject
Project("{FAE04EC0-301F-11D3-BF4B-00C04F79EFBC}") = "Facebook.Client-Universal.WindowsPhone", "Facebook.Client-Universal\Facebook.Client-Universal.WindowsPhone\Facebook.Client-Universal.WindowsPhone.csproj", "{76FB752F-8AB8-41BC-A188-CF66B4D42940}"
EndProject
Global
	GlobalSection(SharedMSBuildProjectFiles) = preSolution
		Facebook.Client-Universal\Facebook.Client-Universal.Shared\Facebook.Client-Universal.Shared.projitems*{ee957bbc-7963-4ca5-88f8-4750849a3d9a}*SharedItemsImports = 13
		Facebook.Client-Universal\Facebook.Client-Universal.Shared\Facebook.Client-Universal.Shared.projitems*{3a681113-cb0e-4712-8827-f35f67f29c5f}*SharedItemsImports = 4
		Facebook.Client-Universal\Facebook.Client-Universal.Shared\Facebook.Client-Universal.Shared.projitems*{76fb752f-8ab8-41bc-a188-cf66b4d42940}*SharedItemsImports = 4
	EndGlobalSection
	GlobalSection(SolutionConfigurationPlatforms) = preSolution
		Debug|Any CPU = Debug|Any CPU
		Debug|ARM = Debug|ARM
		Debug|x64 = Debug|x64
		Debug|x86 = Debug|x86
		Release|Any CPU = Release|Any CPU
		Release|ARM = Release|ARM
		Release|x64 = Release|x64
		Release|x86 = Release|x86
	EndGlobalSection
	GlobalSection(ProjectConfigurationPlatforms) = postSolution
		{3A681113-CB0E-4712-8827-F35F67F29C5F}.Debug|Any CPU.ActiveCfg = Debug|Any CPU
		{3A681113-CB0E-4712-8827-F35F67F29C5F}.Debug|Any CPU.Build.0 = Debug|Any CPU
		{3A681113-CB0E-4712-8827-F35F67F29C5F}.Debug|Any CPU.Deploy.0 = Debug|Any CPU
		{3A681113-CB0E-4712-8827-F35F67F29C5F}.Debug|ARM.ActiveCfg = Debug|ARM
		{3A681113-CB0E-4712-8827-F35F67F29C5F}.Debug|ARM.Build.0 = Debug|ARM
		{3A681113-CB0E-4712-8827-F35F67F29C5F}.Debug|ARM.Deploy.0 = Debug|ARM
		{3A681113-CB0E-4712-8827-F35F67F29C5F}.Debug|x64.ActiveCfg = Debug|x64
		{3A681113-CB0E-4712-8827-F35F67F29C5F}.Debug|x64.Build.0 = Debug|x64
		{3A681113-CB0E-4712-8827-F35F67F29C5F}.Debug|x64.Deploy.0 = Debug|x64
		{3A681113-CB0E-4712-8827-F35F67F29C5F}.Debug|x86.ActiveCfg = Debug|x86
		{3A681113-CB0E-4712-8827-F35F67F29C5F}.Debug|x86.Build.0 = Debug|x86
		{3A681113-CB0E-4712-8827-F35F67F29C5F}.Debug|x86.Deploy.0 = Debug|x86
		{3A681113-CB0E-4712-8827-F35F67F29C5F}.Release|Any CPU.ActiveCfg = Release|Any CPU
		{3A681113-CB0E-4712-8827-F35F67F29C5F}.Release|Any CPU.Build.0 = Release|Any CPU
		{3A681113-CB0E-4712-8827-F35F67F29C5F}.Release|Any CPU.Deploy.0 = Release|Any CPU
		{3A681113-CB0E-4712-8827-F35F67F29C5F}.Release|ARM.ActiveCfg = Release|ARM
		{3A681113-CB0E-4712-8827-F35F67F29C5F}.Release|ARM.Build.0 = Release|ARM
		{3A681113-CB0E-4712-8827-F35F67F29C5F}.Release|ARM.Deploy.0 = Release|ARM
		{3A681113-CB0E-4712-8827-F35F67F29C5F}.Release|x64.ActiveCfg = Release|x64
		{3A681113-CB0E-4712-8827-F35F67F29C5F}.Release|x64.Build.0 = Release|x64
		{3A681113-CB0E-4712-8827-F35F67F29C5F}.Release|x64.Deploy.0 = Release|x64
		{3A681113-CB0E-4712-8827-F35F67F29C5F}.Release|x86.ActiveCfg = Release|x86
		{3A681113-CB0E-4712-8827-F35F67F29C5F}.Release|x86.Build.0 = Release|x86
		{3A681113-CB0E-4712-8827-F35F67F29C5F}.Release|x86.Deploy.0 = Release|x86
		{76FB752F-8AB8-41BC-A188-CF66B4D42940}.Debug|Any CPU.ActiveCfg = Debug|Any CPU
		{76FB752F-8AB8-41BC-A188-CF66B4D42940}.Debug|Any CPU.Build.0 = Debug|Any CPU
		{76FB752F-8AB8-41BC-A188-CF66B4D42940}.Debug|Any CPU.Deploy.0 = Debug|Any CPU
		{76FB752F-8AB8-41BC-A188-CF66B4D42940}.Debug|ARM.ActiveCfg = Debug|ARM
		{76FB752F-8AB8-41BC-A188-CF66B4D42940}.Debug|ARM.Build.0 = Debug|ARM
		{76FB752F-8AB8-41BC-A188-CF66B4D42940}.Debug|ARM.Deploy.0 = Debug|ARM
		{76FB752F-8AB8-41BC-A188-CF66B4D42940}.Debug|x64.ActiveCfg = Debug|Any CPU
		{76FB752F-8AB8-41BC-A188-CF66B4D42940}.Debug|x86.ActiveCfg = Debug|x86
		{76FB752F-8AB8-41BC-A188-CF66B4D42940}.Debug|x86.Build.0 = Debug|x86
		{76FB752F-8AB8-41BC-A188-CF66B4D42940}.Debug|x86.Deploy.0 = Debug|x86
		{76FB752F-8AB8-41BC-A188-CF66B4D42940}.Release|Any CPU.ActiveCfg = Release|Any CPU
		{76FB752F-8AB8-41BC-A188-CF66B4D42940}.Release|Any CPU.Build.0 = Release|Any CPU
		{76FB752F-8AB8-41BC-A188-CF66B4D42940}.Release|Any CPU.Deploy.0 = Release|Any CPU
		{76FB752F-8AB8-41BC-A188-CF66B4D42940}.Release|ARM.ActiveCfg = Release|ARM
		{76FB752F-8AB8-41BC-A188-CF66B4D42940}.Release|ARM.Build.0 = Release|ARM
		{76FB752F-8AB8-41BC-A188-CF66B4D42940}.Release|ARM.Deploy.0 = Release|ARM
		{76FB752F-8AB8-41BC-A188-CF66B4D42940}.Release|x64.ActiveCfg = Release|Any CPU
		{76FB752F-8AB8-41BC-A188-CF66B4D42940}.Release|x86.ActiveCfg = Release|x86
		{76FB752F-8AB8-41BC-A188-CF66B4D42940}.Release|x86.Build.0 = Release|x86
		{76FB752F-8AB8-41BC-A188-CF66B4D42940}.Release|x86.Deploy.0 = Release|x86
	EndGlobalSection
	GlobalSection(SolutionProperties) = preSolution
		HideSolutionNode = FALSE
	EndGlobalSection
	GlobalSection(NestedProjects) = preSolution
		{EE957BBC-7963-4CA5-88F8-4750849A3D9A} = {09489581-DF63-40E0-8FD9-A0A242B8F032}
		{3A681113-CB0E-4712-8827-F35F67F29C5F} = {09489581-DF63-40E0-8FD9-A0A242B8F032}
		{76FB752F-8AB8-41BC-A188-CF66B4D42940} = {09489581-DF63-40E0-8FD9-A0A242B8F032}
	EndGlobalSection
EndGlobal
