
Microsoft Visual Studio Solution File, Format Version 12.00
# Visual Studio 2012
Project("{2150E333-8FDC-42A3-9474-1A3956D46DE8}") = "Samples", "Samples", "{D5A14BD2-036F-41D4-9E74-8544615E6971}"
EndProject
Project("{2150E333-8FDC-42A3-9474-1A3956D46DE8}") = ".nuget", ".nuget", "{F7267953-F8E8-4D59-83B3-AD8E30AA9012}"
	ProjectSection(SolutionItems) = preProject
		.nuget\NuGet.Config = .nuget\NuGet.Config
		.nuget\NuGet.exe = .nuget\NuGet.exe
		.nuget\NuGet.targets = .nuget\NuGet.targets
	EndProjectSection
EndProject
Project("{FAE04EC0-301F-11D3-BF4B-00C04F79EFBC}") = "Facebook.Samples.WinRT", "..\Samples\Facebook.Samples.WinRT\Facebook.Samples.WinRT.csproj", "{BC36EB96-82E3-4ECE-B096-845D4A8AB45E}"
EndProject
Project("{FAE04EC0-301F-11D3-BF4B-00C04F79EFBC}") = "Facebook.Apps-WinRT", "Facebook.Apps-WinRT\Facebook.Apps-WinRT.csproj", "{F7FFE744-7CC4-42C5-BF7B-A0F11ECF9722}"
EndProject
Global
	GlobalSection(SolutionConfigurationPlatforms) = preSolution
		Debug|Any CPU = Debug|Any CPU
		Debug|ARM = Debug|ARM
		Debug|x64 = Debug|x64
		Debug|x86 = Debug|x86
		Release|Any CPU = Release|Any CPU
		Release|ARM = Release|ARM
		Release|x64 = Release|x64
		Release|x86 = Release|x86
	EndGlobalSection
	GlobalSection(ProjectConfigurationPlatforms) = postSolution
		{BC36EB96-82E3-4ECE-B096-845D4A8AB45E}.Debug|Any CPU.ActiveCfg = Debug|Any CPU
		{BC36EB96-82E3-4ECE-B096-845D4A8AB45E}.Debug|Any CPU.Build.0 = Debug|Any CPU
		{BC36EB96-82E3-4ECE-B096-845D4A8AB45E}.Debug|Any CPU.Deploy.0 = Debug|Any CPU
		{BC36EB96-82E3-4ECE-B096-845D4A8AB45E}.Debug|ARM.ActiveCfg = Debug|ARM
		{BC36EB96-82E3-4ECE-B096-845D4A8AB45E}.Debug|ARM.Build.0 = Debug|ARM
		{BC36EB96-82E3-4ECE-B096-845D4A8AB45E}.Debug|ARM.Deploy.0 = Debug|ARM
		{BC36EB96-82E3-4ECE-B096-845D4A8AB45E}.Debug|x64.ActiveCfg = Debug|x64
		{BC36EB96-82E3-4ECE-B096-845D4A8AB45E}.Debug|x64.Build.0 = Debug|x64
		{BC36EB96-82E3-4ECE-B096-845D4A8AB45E}.Debug|x64.Deploy.0 = Debug|x64
		{BC36EB96-82E3-4ECE-B096-845D4A8AB45E}.Debug|x86.ActiveCfg = Debug|x86
		{BC36EB96-82E3-4ECE-B096-845D4A8AB45E}.Debug|x86.Build.0 = Debug|x86
		{BC36EB96-82E3-4ECE-B096-845D4A8AB45E}.Debug|x86.Deploy.0 = Debug|x86
		{BC36EB96-82E3-4ECE-B096-845D4A8AB45E}.Release|Any CPU.ActiveCfg = Release|Any CPU
		{BC36EB96-82E3-4ECE-B096-845D4A8AB45E}.Release|Any CPU.Build.0 = Release|Any CPU
		{BC36EB96-82E3-4ECE-B096-845D4A8AB45E}.Release|Any CPU.Deploy.0 = Release|Any CPU
		{BC36EB96-82E3-4ECE-B096-845D4A8AB45E}.Release|ARM.ActiveCfg = Release|ARM
		{BC36EB96-82E3-4ECE-B096-845D4A8AB45E}.Release|ARM.Build.0 = Release|ARM
		{BC36EB96-82E3-4ECE-B096-845D4A8AB45E}.Release|ARM.Deploy.0 = Release|ARM
		{BC36EB96-82E3-4ECE-B096-845D4A8AB45E}.Release|x64.ActiveCfg = Release|x64
		{BC36EB96-82E3-4ECE-B096-845D4A8AB45E}.Release|x64.Build.0 = Release|x64
		{BC36EB96-82E3-4ECE-B096-845D4A8AB45E}.Release|x64.Deploy.0 = Release|x64
		{BC36EB96-82E3-4ECE-B096-845D4A8AB45E}.Release|x86.ActiveCfg = Release|x86
		{BC36EB96-82E3-4ECE-B096-845D4A8AB45E}.Release|x86.Build.0 = Release|x86
		{BC36EB96-82E3-4ECE-B096-845D4A8AB45E}.Release|x86.Deploy.0 = Release|x86
		{F7FFE744-7CC4-42C5-BF7B-A0F11ECF9722}.Debug|Any CPU.ActiveCfg = Debug|Any CPU
		{F7FFE744-7CC4-42C5-BF7B-A0F11ECF9722}.Debug|Any CPU.Build.0 = Debug|Any CPU
		{F7FFE744-7CC4-42C5-BF7B-A0F11ECF9722}.Debug|ARM.ActiveCfg = Debug|ARM
		{F7FFE744-7CC4-42C5-BF7B-A0F11ECF9722}.Debug|ARM.Build.0 = Debug|ARM
		{F7FFE744-7CC4-42C5-BF7B-A0F11ECF9722}.Debug|x64.ActiveCfg = Debug|x64
		{F7FFE744-7CC4-42C5-BF7B-A0F11ECF9722}.Debug|x64.Build.0 = Debug|x64
		{F7FFE744-7CC4-42C5-BF7B-A0F11ECF9722}.Debug|x86.ActiveCfg = Debug|x86
		{F7FFE744-7CC4-42C5-BF7B-A0F11ECF9722}.Debug|x86.Build.0 = Debug|x86
		{F7FFE744-7CC4-42C5-BF7B-A0F11ECF9722}.Release|Any CPU.ActiveCfg = Release|Any CPU
		{F7FFE744-7CC4-42C5-BF7B-A0F11ECF9722}.Release|Any CPU.Build.0 = Release|Any CPU
		{F7FFE744-7CC4-42C5-BF7B-A0F11ECF9722}.Release|ARM.ActiveCfg = Release|ARM
		{F7FFE744-7CC4-42C5-BF7B-A0F11ECF9722}.Release|ARM.Build.0 = Release|ARM
		{F7FFE744-7CC4-42C5-BF7B-A0F11ECF9722}.Release|x64.ActiveCfg = Release|x64
		{F7FFE744-7CC4-42C5-BF7B-A0F11ECF9722}.Release|x64.Build.0 = Release|x64
		{F7FFE744-7CC4-42C5-BF7B-A0F11ECF9722}.Release|x86.ActiveCfg = Release|x86
		{F7FFE744-7CC4-42C5-BF7B-A0F11ECF9722}.Release|x86.Build.0 = Release|x86
	EndGlobalSection
	GlobalSection(SolutionProperties) = preSolution
		HideSolutionNode = FALSE
	EndGlobalSection
	GlobalSection(NestedProjects) = preSolution
		{BC36EB96-82E3-4ECE-B096-845D4A8AB45E} = {D5A14BD2-036F-41D4-9E74-8544615E6971}
	EndGlobalSection
EndGlobal
