
Microsoft Visual Studio Solution File, Format Version 12.00
# Visual Studio 2013
VisualStudioVersion = 12.0.30324.0
MinimumVisualStudioVersion = 10.0.40219.1
Project("{FAE04EC0-301F-11D3-BF4B-00C04F79EFBC}") = "Facebook.Client-Universal", "Facebook.Client-Universal\Facebook.Client-Universal.csproj", "{C0EEF7F1-8ED5-416B-BD73-426785A33D60}"
EndProject
Project("{2150E333-8FDC-42A3-9474-1A3956D46DE8}") = ".nuget", ".nuget", "{5F7A6005-7D48-472C-8EFE-E0666E835C0F}"
	ProjectSection(SolutionItems) = preProject
		.nuget\NuGet.Config = .nuget\NuGet.Config
		.nuget\NuGet.exe = .nuget\NuGet.exe
		.nuget\NuGet.targets = .nuget\NuGet.targets
	EndProjectSection
EndProject
Global
	GlobalSection(SolutionConfigurationPlatforms) = preSolution
		Debug|Any CPU = Debug|Any CPU
		Release|Any CPU = Release|Any CPU
	EndGlobalSection
	GlobalSection(ProjectConfigurationPlatforms) = postSolution
		{C0EEF7F1-8ED5-416B-BD73-426785A33D60}.Debug|Any CPU.ActiveCfg = Debug|Any CPU
		{C0EEF7F1-8ED5-416B-BD73-426785A33D60}.Debug|Any CPU.Build.0 = Debug|Any CPU
		{C0EEF7F1-8ED5-416B-BD73-426785A33D60}.Release|Any CPU.ActiveCfg = Release|Any CPU
		{C0EEF7F1-8ED5-416B-BD73-426785A33D60}.Release|Any CPU.Build.0 = Release|Any CPU
	EndGlobalSection
	GlobalSection(SolutionProperties) = preSolution
		HideSolutionNode = FALSE
	EndGlobalSection
EndGlobal
