
Microsoft Visual Studio Solution File, Format Version 12.00
# Visual Studio 2012
Project("{FAE04EC0-301F-11D3-BF4B-00C04F79EFBC}") = "Facebook.Phone", "Facebook.Phone\Facebook.Phone.csproj", "{60A72233-D94E-4646-8D3E-C36FB812B4D1}"
EndProject
Project("{FAE04EC0-301F-11D3-BF4B-00C04F79EFBC}") = "PhoneApp1", "PhoneApp1\PhoneApp1.csproj", "{15268C00-E48E-45B6-AE87-90272354CC5F}"
EndProject
Global
	GlobalSection(SolutionConfigurationPlatforms) = preSolution
		Debug|Any CPU = Debug|Any CPU
		Debug|ARM = Debug|ARM
		Debug|x86 = Debug|x86
		Release|Any CPU = Release|Any CPU
		Release|ARM = Release|ARM
		Release|x86 = Release|x86
	EndGlobalSection
	GlobalSection(ProjectConfigurationPlatforms) = postSolution
		{60A72233-D94E-4646-8D3E-C36FB812B4D1}.Debug|Any CPU.ActiveCfg = Debug|Any CPU
		{60A72233-D94E-4646-8D3E-C36FB812B4D1}.Debug|Any CPU.Build.0 = Debug|Any CPU
		{60A72233-D94E-4646-8D3E-C36FB812B4D1}.Debug|ARM.ActiveCfg = Debug|ARM
		{60A72233-D94E-4646-8D3E-C36FB812B4D1}.Debug|ARM.Build.0 = Debug|ARM
		{60A72233-D94E-4646-8D3E-C36FB812B4D1}.Debug|x86.ActiveCfg = Debug|x86
		{60A72233-D94E-4646-8D3E-C36FB812B4D1}.Debug|x86.Build.0 = Debug|x86
		{60A72233-D94E-4646-8D3E-C36FB812B4D1}.Release|Any CPU.ActiveCfg = Release|Any CPU
		{60A72233-D94E-4646-8D3E-C36FB812B4D1}.Release|Any CPU.Build.0 = Release|Any CPU
		{60A72233-D94E-4646-8D3E-C36FB812B4D1}.Release|ARM.ActiveCfg = Release|ARM
		{60A72233-D94E-4646-8D3E-C36FB812B4D1}.Release|ARM.Build.0 = Release|ARM
		{60A72233-D94E-4646-8D3E-C36FB812B4D1}.Release|x86.ActiveCfg = Release|x86
		{60A72233-D94E-4646-8D3E-C36FB812B4D1}.Release|x86.Build.0 = Release|x86
		{15268C00-E48E-45B6-AE87-90272354CC5F}.Debug|Any CPU.ActiveCfg = Debug|Any CPU
		{15268C00-E48E-45B6-AE87-90272354CC5F}.Debug|Any CPU.Build.0 = Debug|Any CPU
		{15268C00-E48E-45B6-AE87-90272354CC5F}.Debug|Any CPU.Deploy.0 = Debug|Any CPU
		{15268C00-E48E-45B6-AE87-90272354CC5F}.Debug|ARM.ActiveCfg = Debug|ARM
		{15268C00-E48E-45B6-AE87-90272354CC5F}.Debug|ARM.Build.0 = Debug|ARM
		{15268C00-E48E-45B6-AE87-90272354CC5F}.Debug|ARM.Deploy.0 = Debug|ARM
		{15268C00-E48E-45B6-AE87-90272354CC5F}.Debug|x86.ActiveCfg = Debug|x86
		{15268C00-E48E-45B6-AE87-90272354CC5F}.Debug|x86.Build.0 = Debug|x86
		{15268C00-E48E-45B6-AE87-90272354CC5F}.Debug|x86.Deploy.0 = Debug|x86
		{15268C00-E48E-45B6-AE87-90272354CC5F}.Release|Any CPU.ActiveCfg = Release|Any CPU
		{15268C00-E48E-45B6-AE87-90272354CC5F}.Release|Any CPU.Build.0 = Release|Any CPU
		{15268C00-E48E-45B6-AE87-90272354CC5F}.Release|Any CPU.Deploy.0 = Release|Any CPU
		{15268C00-E48E-45B6-AE87-90272354CC5F}.Release|ARM.ActiveCfg = Release|ARM
		{15268C00-E48E-45B6-AE87-90272354CC5F}.Release|ARM.Build.0 = Release|ARM
		{15268C00-E48E-45B6-AE87-90272354CC5F}.Release|ARM.Deploy.0 = Release|ARM
		{15268C00-E48E-45B6-AE87-90272354CC5F}.Release|x86.ActiveCfg = Release|x86
		{15268C00-E48E-45B6-AE87-90272354CC5F}.Release|x86.Build.0 = Release|x86
		{15268C00-E48E-45B6-AE87-90272354CC5F}.Release|x86.Deploy.0 = Release|x86
	EndGlobalSection
	GlobalSection(SolutionProperties) = preSolution
		HideSolutionNode = FALSE
	EndGlobalSection
EndGlobal
